<?xml version="1.0" encoding="utf-8"?>
<Project ToolsVersion="4.0" xmlns="http://schemas.microsoft.com/developer/msbuild/2003">
  <ItemGroup>
    <Filter Include="Source Files">
      <UniqueIdentifier>{4FC737F1-C7A5-4376-A066-2A32D752A2FF}</UniqueIdentifier>
      <Extensions>cpp;c;cxx;def;odl;idl;hpj;bat;asm;asmx;h;hpp</Extensions>
    </Filter>
    <Filter Include="Resource Files">
      <UniqueIdentifier>{67DA6AB6-F800-4c08-8B7A-83BB121AAD01}</UniqueIdentifier>
      <Extensions>rc;ico;cur;bmp;dlg;rc2;rct;bin;rgs;gif;jpg;jpeg;jpe;resx</Extensions>
    </Filter>
  </ItemGroup>
  <ItemGroup>
    <ClCompile Include="zce_predefine.cpp">
      <Filter>Source Files</Filter>
    </ClCompile>
    <ClCompile Include="zce_sqlite_conf_table.cpp">
      <Filter>Source Files</Filter>
    </ClCompile>
    <ClCompile Include="zce_sqlite_db_handler.cpp">
      <Filter>Source Files</Filter>
    </ClCompile>
    <ClCompile Include="zce_sqlite_stmt_handler.cpp">
      <Filter>Source Files</Filter>
    </ClCompile>
  </ItemGroup>
  <ItemGroup>
    <ClInclude Include="zce_predefine.h">
      <Filter>Source Files</Filter>
    </ClInclude>
    <ClInclude Include="zce_sqlite_conf_table.h">
      <Filter>Source Files</Filter>
    </ClInclude>
    <ClInclude Include="zce_sqlite_db_handler.h">
      <Filter>Source Files</Filter>
    </ClInclude>
    <ClInclude Include="zce_sqlite_stmt_handler.h">
      <Filter>Source Files</Filter>
    </ClInclude>
    <ClInclude Include="zce_config.h">
      <Filter>Source Files</Filter>
    </ClInclude>
    <ClInclude Include="zce_trace_debugging.h">
      <Filter>Source Files</Filter>
    </ClInclude>
    <ClInclude Include="zce_trace_log_priority.h">
      <Filter>Source Files</Filter>
    </ClInclude>
  </ItemGroup>
</Project>